// !$*UTF8*$!
{
	archiveVersion = 1;
	classes = {
	};
	objectVersion = 50;
	objects = {

/* Begin PBXBuildFile section */
		B84620AF238CB37A003120B1 /* WNotificationName.m in Sources */ = {isa = PBXBuildFile; fileRef = B84620AE238CB37A003120B1 /* WNotificationName.m */; };
		B84620B2238CB52F003120B1 /* WUIAdapter.m in Sources */ = {isa = PBXBuildFile; fileRef = B84620B1238CB52F003120B1 /* WUIAdapter.m */; };
		B84620B5238CBE49003120B1 /* image.bundle in Resources */ = {isa = PBXBuildFile; fileRef = B84620B4238CBE49003120B1 /* image.bundle */; };
		B84620B9238D080A003120B1 /* WMediator.m in Sources */ = {isa = PBXBuildFile; fileRef = B84620B8238D080A003120B1 /* WMediator.m */; };
		B873FA4323876E8700248DE6 /* AppDelegate.m in Sources */ = {isa = PBXBuildFile; fileRef = B873FA4223876E8700248DE6 /* AppDelegate.m */; };
		B873FA4923876E8700248DE6 /* ViewController.m in Sources */ = {isa = PBXBuildFile; fileRef = B873FA4823876E8700248DE6 /* ViewController.m */; };
		B873FA4E23876E8800248DE6 /* Assets.xcassets in Resources */ = {isa = PBXBuildFile; fileRef = B873FA4D23876E8800248DE6 /* Assets.xcassets */; };
		B873FA5123876E8800248DE6 /* LaunchScreen.storyboard in Resources */ = {isa = PBXBuildFile; fileRef = B873FA4F23876E8800248DE6 /* LaunchScreen.storyboard */; };
		B873FA5423876E8800248DE6 /* main.m in Sources */ = {isa = PBXBuildFile; fileRef = B873FA5323876E8800248DE6 /* main.m */; };
		B877284C238E192D00F65FD1 /* WCrashReport.m in Sources */ = {isa = PBXBuildFile; fileRef = B877284B238E192D00F65FD1 /* WCrashReport.m */; };
		B877284F238E1F4500F65FD1 /* WLocation.m in Sources */ = {isa = PBXBuildFile; fileRef = B877284E238E1F4500F65FD1 /* WLocation.m */; };
		B8772852238E589F00F65FD1 /* WPush.m in Sources */ = {isa = PBXBuildFile; fileRef = B8772851238E589F00F65FD1 /* WPush.m */; };
		B8E9BE66238E6C460048029B /* NotificationCenter.framework in Frameworks */ = {isa = PBXBuildFile; fileRef = B8E9BE65238E6C460048029B /* NotificationCenter.framework */; };
		B8E9BE6A238E6C460048029B /* TodayViewController.m in Sources */ = {isa = PBXBuildFile; fileRef = B8E9BE69238E6C460048029B /* TodayViewController.m */; };
		B8E9BE6D238E6C460048029B /* MainInterface.storyboard in Resources */ = {isa = PBXBuildFile; fileRef = B8E9BE6B238E6C460048029B /* MainInterface.storyboard */; };
		B8E9BE71238E6C460048029B /* demoExtension.appex in Embed App Extensions */ = {isa = PBXBuildFile; fileRef = B8E9BE63238E6C460048029B /* demoExtension.appex */; settings = {ATTRIBUTES = (RemoveHeadersOnCopy, ); }; };
/* End PBXBuildFile section */

/* Begin PBXContainerItemProxy section */
		B8E9BE6F238E6C460048029B /* PBXContainerItemProxy */ = {
			isa = PBXContainerItemProxy;
			containerPortal = B873FA3623876E8600248DE6 /* Project object */;
			proxyType = 1;
			remoteGlobalIDString = B8E9BE62238E6C460048029B;
			remoteInfo = demoExtension;
		};
/* End PBXContainerItemProxy section */

/* Begin PBXCopyFilesBuildPhase section */
		B8E9BE72238E6C460048029B /* Embed App Extensions */ = {
			isa = PBXCopyFilesBuildPhase;
			buildActionMask = 2147483647;
			dstPath = "";
			dstSubfolderSpec = 13;
			files = (
				B8E9BE71238E6C460048029B /* demoExtension.appex in Embed App Extensions */,
			);
			name = "Embed App Extensions";
			runOnlyForDeploymentPostprocessing = 0;
		};
/* End PBXCopyFilesBuildPhase section */

/* Begin PBXFileReference section */
		B84620AD238CB37A003120B1 /* WNotificationName.h */ = {isa = PBXFileReference; lastKnownFileType = sourcecode.c.h; path = WNotificationName.h; sourceTree = "<group>"; };
		B84620AE238CB37A003120B1 /* WNotificationName.m */ = {isa = PBXFileReference; lastKnownFileType = sourcecode.c.objc; path = WNotificationName.m; sourceTree = "<group>"; };
		B84620B0238CB52F003120B1 /* WUIAdapter.h */ = {isa = PBXFileReference; lastKnownFileType = sourcecode.c.h; path = WUIAdapter.h; sourceTree = "<group>"; };
		B84620B1238CB52F003120B1 /* WUIAdapter.m */ = {isa = PBXFileReference; lastKnownFileType = sourcecode.c.objc; path = WUIAdapter.m; sourceTree = "<group>"; };
		B84620B4238CBE49003120B1 /* image.bundle */ = {isa = PBXFileReference; lastKnownFileType = "wrapper.plug-in"; path = image.bundle; sourceTree = "<group>"; };
		B84620B7238D080A003120B1 /* WMediator.h */ = {isa = PBXFileReference; lastKnownFileType = sourcecode.c.h; path = WMediator.h; sourceTree = "<group>"; };
		B84620B8238D080A003120B1 /* WMediator.m */ = {isa = PBXFileReference; lastKnownFileType = sourcecode.c.objc; path = WMediator.m; sourceTree = "<group>"; };
		B873FA3E23876E8700248DE6 /* demo.app */ = {isa = PBXFileReference; explicitFileType = wrapper.application; includeInIndex = 0; path = demo.app; sourceTree = BUILT_PRODUCTS_DIR; };
		B873FA4123876E8700248DE6 /* AppDelegate.h */ = {isa = PBXFileReference; lastKnownFileType = sourcecode.c.h; path = AppDelegate.h; sourceTree = "<group>"; };
		B873FA4223876E8700248DE6 /* AppDelegate.m */ = {isa = PBXFileReference; lastKnownFileType = sourcecode.c.objc; path = AppDelegate.m; sourceTree = "<group>"; };
		B873FA4723876E8700248DE6 /* ViewController.h */ = {isa = PBXFileReference; lastKnownFileType = sourcecode.c.h; path = ViewController.h; sourceTree = "<group>"; };
		B873FA4823876E8700248DE6 /* ViewController.m */ = {isa = PBXFileReference; lastKnownFileType = sourcecode.c.objc; path = ViewController.m; sourceTree = "<group>"; };
		B873FA4D23876E8800248DE6 /* Assets.xcassets */ = {isa = PBXFileReference; lastKnownFileType = folder.assetcatalog; path = Assets.xcassets; sourceTree = "<group>"; };
		B873FA5023876E8800248DE6 /* Base */ = {isa = PBXFileReference; lastKnownFileType = file.storyboard; name = Base; path = Base.lproj/LaunchScreen.storyboard; sourceTree = "<group>"; };
		B873FA5223876E8800248DE6 /* Info.plist */ = {isa = PBXFileReference; lastKnownFileType = text.plist.xml; path = Info.plist; sourceTree = "<group>"; };
		B873FA5323876E8800248DE6 /* main.m */ = {isa = PBXFileReference; lastKnownFileType = sourcecode.c.objc; path = main.m; sourceTree = "<group>"; };
		B877284A238E192D00F65FD1 /* WCrashReport.h */ = {isa = PBXFileReference; lastKnownFileType = sourcecode.c.h; path = WCrashReport.h; sourceTree = "<group>"; };
		B877284B238E192D00F65FD1 /* WCrashReport.m */ = {isa = PBXFileReference; lastKnownFileType = sourcecode.c.objc; path = WCrashReport.m; sourceTree = "<group>"; };
		B877284D238E1F4500F65FD1 /* WLocation.h */ = {isa = PBXFileReference; lastKnownFileType = sourcecode.c.h; path = WLocation.h; sourceTree = "<group>"; };
		B877284E238E1F4500F65FD1 /* WLocation.m */ = {isa = PBXFileReference; lastKnownFileType = sourcecode.c.objc; path = WLocation.m; sourceTree = "<group>"; };
		B8772850238E589F00F65FD1 /* WPush.h */ = {isa = PBXFileReference; lastKnownFileType = sourcecode.c.h; path = WPush.h; sourceTree = "<group>"; };
		B8772851238E589F00F65FD1 /* WPush.m */ = {isa = PBXFileReference; lastKnownFileType = sourcecode.c.objc; path = WPush.m; sourceTree = "<group>"; };
		B8E9BE63238E6C460048029B /* demoExtension.appex */ = {isa = PBXFileReference; explicitFileType = "wrapper.app-extension"; includeInIndex = 0; path = demoExtension.appex; sourceTree = BUILT_PRODUCTS_DIR; };
		B8E9BE65238E6C460048029B /* NotificationCenter.framework */ = {isa = PBXFileReference; lastKnownFileType = wrapper.framework; name = NotificationCenter.framework; path = System/Library/Frameworks/NotificationCenter.framework; sourceTree = SDKROOT; };
		B8E9BE68238E6C460048029B /* TodayViewController.h */ = {isa = PBXFileReference; lastKnownFileType = sourcecode.c.h; path = TodayViewController.h; sourceTree = "<group>"; };
		B8E9BE69238E6C460048029B /* TodayViewController.m */ = {isa = PBXFileReference; lastKnownFileType = sourcecode.c.objc; path = TodayViewController.m; sourceTree = "<group>"; };
		B8E9BE6C238E6C460048029B /* Base */ = {isa = PBXFileReference; lastKnownFileType = file.storyboard; name = Base; path = Base.lproj/MainInterface.storyboard; sourceTree = "<group>"; };
		B8E9BE6E238E6C460048029B /* Info.plist */ = {isa = PBXFileReference; lastKnownFileType = text.plist.xml; path = Info.plist; sourceTree = "<group>"; };
/* End PBXFileReference section */

/* Begin PBXFrameworksBuildPhase section */
		B873FA3B23876E8700248DE6 /* Frameworks */ = {
			isa = PBXFrameworksBuildPhase;
			buildActionMask = 2147483647;
			files = (
			);
			runOnlyForDeploymentPostprocessing = 0;
		};
		B8E9BE60238E6C460048029B /* Frameworks */ = {
			isa = PBXFrameworksBuildPhase;
			buildActionMask = 2147483647;
			files = (
				B8E9BE66238E6C460048029B /* NotificationCenter.framework in Frameworks */,
			);
			runOnlyForDeploymentPostprocessing = 0;
		};
/* End PBXFrameworksBuildPhase section */

/* Begin PBXGroup section */
		B84620B3238CBE28003120B1 /* Utils */ = {
			isa = PBXGroup;
			children = (
				B84620AD238CB37A003120B1 /* WNotificationName.h */,
				B84620AE238CB37A003120B1 /* WNotificationName.m */,
				B84620B0238CB52F003120B1 /* WUIAdapter.h */,
				B84620B1238CB52F003120B1 /* WUIAdapter.m */,
				B84620B7238D080A003120B1 /* WMediator.h */,
				B84620B8238D080A003120B1 /* WMediator.m */,
				B877284A238E192D00F65FD1 /* WCrashReport.h */,
				B877284B238E192D00F65FD1 /* WCrashReport.m */,
				B877284D238E1F4500F65FD1 /* WLocation.h */,
				B877284E238E1F4500F65FD1 /* WLocation.m */,
				B8772850238E589F00F65FD1 /* WPush.h */,
				B8772851238E589F00F65FD1 /* WPush.m */,
			);
			path = Utils;
			sourceTree = "<group>";
		};
		B873FA3523876E8600248DE6 = {
			isa = PBXGroup;
			children = (
				B873FA4023876E8700248DE6 /* demo */,
				B8E9BE67238E6C460048029B /* demoExtension */,
				B8E9BE64238E6C460048029B /* Frameworks */,
				B873FA3F23876E8700248DE6 /* Products */,
			);
			sourceTree = "<group>";
		};
		B873FA3F23876E8700248DE6 /* Products */ = {
			isa = PBXGroup;
			children = (
				B873FA3E23876E8700248DE6 /* demo.app */,
				B8E9BE63238E6C460048029B /* demoExtension.appex */,
			);
			name = Products;
			sourceTree = "<group>";
		};
		B873FA4023876E8700248DE6 /* demo */ = {
			isa = PBXGroup;
			children = (
				B873FA4123876E8700248DE6 /* AppDelegate.h */,
				B873FA4223876E8700248DE6 /* AppDelegate.m */,
				B873FA4723876E8700248DE6 /* ViewController.h */,
				B873FA4823876E8700248DE6 /* ViewController.m */,
				B873FA4D23876E8800248DE6 /* Assets.xcassets */,
				B873FA4F23876E8800248DE6 /* LaunchScreen.storyboard */,
				B873FA5223876E8800248DE6 /* Info.plist */,
				B873FA5323876E8800248DE6 /* main.m */,
				B84620B4238CBE49003120B1 /* image.bundle */,
				B84620B3238CBE28003120B1 /* Utils */,
			);
			path = demo;
			sourceTree = "<group>";
		};
		B8E9BE64238E6C460048029B /* Frameworks */ = {
			isa = PBXGroup;
			children = (
				B8E9BE65238E6C460048029B /* NotificationCenter.framework */,
			);
			name = Frameworks;
			sourceTree = "<group>";
		};
		B8E9BE67238E6C460048029B /* demoExtension */ = {
			isa = PBXGroup;
			children = (
				B8E9BE68238E6C460048029B /* TodayViewController.h */,
				B8E9BE69238E6C460048029B /* TodayViewController.m */,
				B8E9BE6B238E6C460048029B /* MainInterface.storyboard */,
				B8E9BE6E238E6C460048029B /* Info.plist */,
			);
			path = demoExtension;
			sourceTree = "<group>";
		};
/* End PBXGroup section */

/* Begin PBXNativeTarget section */
		B873FA3D23876E8700248DE6 /* demo */ = {
			isa = PBXNativeTarget;
			buildConfigurationList = B873FA5723876E8800248DE6 /* Build configuration list for PBXNativeTarget "demo" */;
			buildPhases = (
				B873FA3A23876E8700248DE6 /* Sources */,
				B873FA3B23876E8700248DE6 /* Frameworks */,
				B873FA3C23876E8700248DE6 /* Resources */,
				B8E9BE72238E6C460048029B /* Embed App Extensions */,
			);
			buildRules = (
			);
			dependencies = (
				B8E9BE70238E6C460048029B /* PBXTargetDependency */,
			);
			name = demo;
			productName = demo;
			productReference = B873FA3E23876E8700248DE6 /* demo.app */;
			productType = "com.apple.product-type.application";
		};
		B8E9BE62238E6C460048029B /* demoExtension */ = {
			isa = PBXNativeTarget;
			buildConfigurationList = B8E9BE75238E6C460048029B /* Build configuration list for PBXNativeTarget "demoExtension" */;
			buildPhases = (
				B8E9BE5F238E6C460048029B /* Sources */,
				B8E9BE60238E6C460048029B /* Frameworks */,
				B8E9BE61238E6C460048029B /* Resources */,
			);
			buildRules = (
			);
			dependencies = (
			);
			name = demoExtension;
			productName = demoExtension;
			productReference = B8E9BE63238E6C460048029B /* demoExtension.appex */;
			productType = "com.apple.product-type.app-extension";
		};
/* End PBXNativeTarget section */

/* Begin PBXProject section */
		B873FA3623876E8600248DE6 /* Project object */ = {
			isa = PBXProject;
			attributes = {
				LastUpgradeCheck = 1120;
				ORGANIZATIONNAME = wiley;
				TargetAttributes = {
					B873FA3D23876E8700248DE6 = {
						CreatedOnToolsVersion = 11.2.1;
					};
					B8E9BE62238E6C460048029B = {
						CreatedOnToolsVersion = 11.2.1;
					};
				};
			};
			buildConfigurationList = B873FA3923876E8700248DE6 /* Build configuration list for PBXProject "demo" */;
			compatibilityVersion = "Xcode 9.3";
			developmentRegion = en;
			hasScannedForEncodings = 0;
			knownRegions = (
				en,
				Base,
			);
			mainGroup = B873FA3523876E8600248DE6;
			productRefGroup = B873FA3F23876E8700248DE6 /* Products */;
			projectDirPath = "";
			projectRoot = "";
			targets = (
				B873FA3D23876E8700248DE6 /* demo */,
				B8E9BE62238E6C460048029B /* demoExtension */,
			);
		};
/* End PBXProject section */

/* Begin PBXResourcesBuildPhase section */
		B873FA3C23876E8700248DE6 /* Resources */ = {
			isa = PBXResourcesBuildPhase;
			buildActionMask = 2147483647;
			files = (
				B873FA5123876E8800248DE6 /* LaunchScreen.storyboard in Resources */,
				B84620B5238CBE49003120B1 /* image.bundle in Resources */,
				B873FA4E23876E8800248DE6 /* Assets.xcassets in Resources */,
			);
			runOnlyForDeploymentPostprocessing = 0;
		};
		B8E9BE61238E6C460048029B /* Resources */ = {
			isa = PBXResourcesBuildPhase;
			buildActionMask = 2147483647;
			files = (
				B8E9BE6D238E6C460048029B /* MainInterface.storyboard in Resources */,
			);
			runOnlyForDeploymentPostprocessing = 0;
		};
/* End PBXResourcesBuildPhase section */

/* Begin PBXSourcesBuildPhase section */
		B873FA3A23876E8700248DE6 /* Sources */ = {
			isa = PBXSourcesBuildPhase;
			buildActionMask = 2147483647;
			files = (
				B873FA4923876E8700248DE6 /* ViewController.m in Sources */,
				B877284C238E192D00F65FD1 /* WCrashReport.m in Sources */,
				B84620B2238CB52F003120B1 /* WUIAdapter.m in Sources */,
				B84620B9238D080A003120B1 /* WMediator.m in Sources */,
				B873FA4323876E8700248DE6 /* AppDelegate.m in Sources */,
				B873FA5423876E8800248DE6 /* main.m in Sources */,
				B8772852238E589F00F65FD1 /* WPush.m in Sources */,
				B877284F238E1F4500F65FD1 /* WLocation.m in Sources */,
				B84620AF238CB37A003120B1 /* WNotificationName.m in Sources */,
			);
			runOnlyForDeploymentPostprocessing = 0;
		};
		B8E9BE5F238E6C460048029B /* Sources */ = {
			isa = PBXSourcesBuildPhase;
			buildActionMask = 2147483647;
			files = (
				B8E9BE6A238E6C460048029B /* TodayViewController.m in Sources */,
			);
			runOnlyForDeploymentPostprocessing = 0;
		};
/* End PBXSourcesBuildPhase section */

/* Begin PBXTargetDependency section */
		B8E9BE70238E6C460048029B /* PBXTargetDependency */ = {
			isa = PBXTargetDependency;
			target = B8E9BE62238E6C460048029B /* demoExtension */;
			targetProxy = B8E9BE6F238E6C460048029B /* PBXContainerItemProxy */;
		};
/* End PBXTargetDependency section */

/* Begin PBXVariantGroup section */
		B873FA4F23876E8800248DE6 /* LaunchScreen.storyboard */ = {
			isa = PBXVariantGroup;
			children = (
				B873FA5023876E8800248DE6 /* Base */,
			);
			name = LaunchScreen.storyboard;
			sourceTree = "<group>";
		};
		B8E9BE6B238E6C460048029B /* MainInterface.storyboard */ = {
			isa = PBXVariantGroup;
			children = (
				B8E9BE6C238E6C460048029B /* Base */,
			);
			name = MainInterface.storyboard;
			sourceTree = "<group>";
		};
/* End PBXVariantGroup section */

/* Begin XCBuildConfiguration section */
		B873FA5523876E8800248DE6 /* Debug */ = {
			isa = XCBuildConfiguration;
			buildSettings = {
				ALWAYS_SEARCH_USER_PATHS = NO;
				CLANG_ANALYZER_NONNULL = YES;
				CLANG_ANALYZER_NUMBER_OBJECT_CONVERSION = YES_AGGRESSIVE;
				CLANG_CXX_LANGUAGE_STANDARD = "gnu++14";
				CLANG_CXX_LIBRARY = "libc++";
				CLANG_ENABLE_MODULES = YES;
				CLANG_ENABLE_OBJC_ARC = YES;
				CLANG_ENABLE_OBJC_WEAK = YES;
				CLANG_WARN_BLOCK_CAPTURE_AUTORELEASING = YES;
				CLANG_WARN_BOOL_CONVERSION = YES;
				CLANG_WARN_COMMA = YES;
				CLANG_WARN_CONSTANT_CONVERSION = YES;
				CLANG_WARN_DEPRECATED_OBJC_IMPLEMENTATIONS = YES;
				CLANG_WARN_DIRECT_OBJC_ISA_USAGE = YES_ERROR;
				CLANG_WARN_DOCUMENTATION_COMMENTS = YES;
				CLANG_WARN_EMPTY_BODY = YES;
				CLANG_WARN_ENUM_CONVERSION = YES;
				CLANG_WARN_INFINITE_RECURSION = YES;
				CLANG_WARN_INT_CONVERSION = YES;
				CLANG_WARN_NON_LITERAL_NULL_CONVERSION = YES;
				CLANG_WARN_OBJC_IMPLICIT_RETAIN_SELF = YES;
				CLANG_WARN_OBJC_LITERAL_CONVERSION = YES;
				CLANG_WARN_OBJC_ROOT_CLASS = YES_ERROR;
				CLANG_WARN_RANGE_LOOP_ANALYSIS = YES;
				CLANG_WARN_STRICT_PROTOTYPES = YES;
				CLANG_WARN_SUSPICIOUS_MOVE = YES;
				CLANG_WARN_UNGUARDED_AVAILABILITY = YES_AGGRESSIVE;
				CLANG_WARN_UNREACHABLE_CODE = YES;
				CLANG_WARN__DUPLICATE_METHOD_MATCH = YES;
				COPY_PHASE_STRIP = NO;
				DEBUG_INFORMATION_FORMAT = dwarf;
				ENABLE_STRICT_OBJC_MSGSEND = YES;
				ENABLE_TESTABILITY = YES;
				GCC_C_LANGUAGE_STANDARD = gnu11;
				GCC_DYNAMIC_NO_PIC = NO;
				GCC_NO_COMMON_BLOCKS = YES;
				GCC_OPTIMIZATION_LEVEL = 0;
				GCC_PREPROCESSOR_DEFINITIONS = (
					"DEBUG=1",
					"$(inherited)",
				);
				GCC_WARN_64_TO_32_BIT_CONVERSION = YES;
				GCC_WARN_ABOUT_RETURN_TYPE = YES_ERROR;
				GCC_WARN_UNDECLARED_SELECTOR = YES;
				GCC_WARN_UNINITIALIZED_AUTOS = YES_AGGRESSIVE;
				GCC_WARN_UNUSED_FUNCTION = YES;
				GCC_WARN_UNUSED_VARIABLE = YES;
				IPHONEOS_DEPLOYMENT_TARGET = 13.2;
				MTL_ENABLE_DEBUG_INFO = INCLUDE_SOURCE;
				MTL_FAST_MATH = YES;
				ONLY_ACTIVE_ARCH = YES;
				SDKROOT = iphoneos;
			};
			name = Debug;
		};
		B873FA5623876E8800248DE6 /* Release */ = {
			isa = XCBuildConfiguration;
			buildSettings = {
				ALWAYS_SEARCH_USER_PATHS = NO;
				CLANG_ANALYZER_NONNULL = YES;
				CLANG_ANALYZER_NUMBER_OBJECT_CONVERSION = YES_AGGRESSIVE;
				CLANG_CXX_LANGUAGE_STANDARD = "gnu++14";
				CLANG_CXX_LIBRARY = "libc++";
				CLANG_ENABLE_MODULES = YES;
				CLANG_ENABLE_OBJC_ARC = YES;
				CLANG_ENABLE_OBJC_WEAK = YES;
				CLANG_WARN_BLOCK_CAPTURE_AUTORELEASING = YES;
				CLANG_WARN_BOOL_CONVERSION = YES;
				CLANG_WARN_COMMA = YES;
				CLANG_WARN_CONSTANT_CONVERSION = YES;
				CLANG_WARN_DEPRECATED_OBJC_IMPLEMENTATIONS = YES;
				CLANG_WARN_DIRECT_OBJC_ISA_USAGE = YES_ERROR;
				CLANG_WARN_DOCUMENTATION_COMMENTS = YES;
				CLANG_WARN_EMPTY_BODY = YES;
				CLANG_WARN_ENUM_CONVERSION = YES;
				CLANG_WARN_INFINITE_RECURSION = YES;
				CLANG_WARN_INT_CONVERSION = YES;
				CLANG_WARN_NON_LITERAL_NULL_CONVERSION = YES;
				CLANG_WARN_OBJC_IMPLICIT_RETAIN_SELF = YES;
				CLANG_WARN_OBJC_LITERAL_CONVERSION = YES;
				CLANG_WARN_OBJC_ROOT_CLASS = YES_ERROR;
				CLANG_WARN_RANGE_LOOP_ANALYSIS = YES;
				CLANG_WARN_STRICT_PROTOTYPES = YES;
				CLANG_WARN_SUSPICIOUS_MOVE = YES;
				CLANG_WARN_UNGUARDED_AVAILABILITY = YES_AGGRESSIVE;
				CLANG_WARN_UNREACHABLE_CODE = YES;
				CLANG_WARN__DUPLICATE_METHOD_MATCH = YES;
				COPY_PHASE_STRIP = NO;
				DEBUG_INFORMATION_FORMAT = "dwarf-with-dsym";
				ENABLE_NS_ASSERTIONS = NO;
				ENABLE_STRICT_OBJC_MSGSEND = YES;
				GCC_C_LANGUAGE_STANDARD = gnu11;
				GCC_NO_COMMON_BLOCKS = YES;
				GCC_WARN_64_TO_32_BIT_CONVERSION = YES;
				GCC_WARN_ABOUT_RETURN_TYPE = YES_ERROR;
				GCC_WARN_UNDECLARED_SELECTOR = YES;
				GCC_WARN_UNINITIALIZED_AUTOS = YES_AGGRESSIVE;
				GCC_WARN_UNUSED_FUNCTION = YES;
				GCC_WARN_UNUSED_VARIABLE = YES;
				IPHONEOS_DEPLOYMENT_TARGET = 13.2;
				MTL_ENABLE_DEBUG_INFO = NO;
				MTL_FAST_MATH = YES;
				SDKROOT = iphoneos;
				VALIDATE_PRODUCT = YES;
			};
			name = Release;
		};
		B873FA5823876E8800248DE6 /* Debug */ = {
			isa = XCBuildConfiguration;
			buildSettings = {
				ASSETCATALOG_COMPILER_APPICON_NAME = AppIcon;
				CODE_SIGN_ENTITLEMENTS = "";
				CODE_SIGN_STYLE = Automatic;
				DEVELOPMENT_TEAM = MUXR6G7733;
				INFOPLIST_FILE = demo/Info.plist;
				IPHONEOS_DEPLOYMENT_TARGET = 10.0;
				LD_RUNPATH_SEARCH_PATHS = (
					"$(inherited)",
					"@executable_path/Frameworks",
				);
				PRODUCT_BUNDLE_IDENTIFIER = com.skybrim.demo;
				PRODUCT_NAME = "$(TARGET_NAME)";
				TARGETED_DEVICE_FAMILY = "1,2";
			};
			name = Debug;
		};
		B873FA5923876E8800248DE6 /* Release */ = {
			isa = XCBuildConfiguration;
			buildSettings = {
				ASSETCATALOG_COMPILER_APPICON_NAME = AppIcon;
				CODE_SIGN_ENTITLEMENTS = "";
				CODE_SIGN_STYLE = Automatic;
				DEVELOPMENT_TEAM = MUXR6G7733;
				INFOPLIST_FILE = demo/Info.plist;
				IPHONEOS_DEPLOYMENT_TARGET = 10.0;
				LD_RUNPATH_SEARCH_PATHS = (
					"$(inherited)",
					"@executable_path/Frameworks",
				);
				PRODUCT_BUNDLE_IDENTIFIER = com.skybrim.demo;
				PRODUCT_NAME = "$(TARGET_NAME)";
				TARGETED_DEVICE_FAMILY = "1,2";
			};
			name = Release;
		};
		B8E9BE73238E6C460048029B /* Debug */ = {
			isa = XCBuildConfiguration;
			buildSettings = {
				CODE_SIGN_STYLE = Automatic;
				DEVELOPMENT_TEAM = MUXR6G7733;
				INFOPLIST_FILE = demoExtension/Info.plist;
				LD_RUNPATH_SEARCH_PATHS = (
					"$(inherited)",
					"@executable_path/Frameworks",
					"@executable_path/../../Frameworks",
				);
				PRODUCT_BUNDLE_IDENTIFIER = com.skybrim.demo.demoExtension;
				PRODUCT_NAME = "$(TARGET_NAME)";
				SKIP_INSTALL = YES;
				TARGETED_DEVICE_FAMILY = "1,2";
			};
			name = Debug;
		};
		B8E9BE74238E6C460048029B /* Release */ = {
			isa = XCBuildConfiguration;
			buildSettings = {
				CODE_SIGN_STYLE = Automatic;
				DEVELOPMENT_TEAM = MUXR6G7733;
				INFOPLIST_FILE = demoExtension/Info.plist;
				LD_RUNPATH_SEARCH_PATHS = (
					"$(inherited)",
					"@executable_path/Frameworks",
					"@executable_path/../../Frameworks",
				);
				PRODUCT_BUNDLE_IDENTIFIER = com.skybrim.demo.demoExtension;
				PRODUCT_NAME = "$(TARGET_NAME)";
				SKIP_INSTALL = YES;
				TARGETED_DEVICE_FAMILY = "1,2";
			};
			name = Release;
		};
/* End XCBuildConfiguration section */

/* Begin XCConfigurationList section */
		B873FA3923876E8700248DE6 /* Build configuration list for PBXProject "demo" */ = {
			isa = XCConfigurationList;
			buildConfigurations = (
				B873FA5523876E8800248DE6 /* Debug */,
				B873FA5623876E8800248DE6 /* Release */,
			);
			defaultConfigurationIsVisible = 0;
			defaultConfigurationName = Release;
		};
		B873FA5723876E8800248DE6 /* Build configuration list for PBXNativeTarget "demo" */ = {
			isa = XCConfigurationList;
			buildConfigurations = (
				B873FA5823876E8800248DE6 /* Debug */,
				B873FA5923876E8800248DE6 /* Release */,
			);
			defaultConfigurationIsVisible = 0;
			defaultConfigurationName = Release;
		};
		B8E9BE75238E6C460048029B /* Build configuration list for PBXNativeTarget "demoExtension" */ = {
			isa = XCConfigurationList;
			buildConfigurations = (
				B8E9BE73238E6C460048029B /* Debug */,
				B8E9BE74238E6C460048029B /* Release */,
			);
			defaultConfigurationIsVisible = 0;
			defaultConfigurationName = Release;
		};
/* End XCConfigurationList section */
	};
	rootObject = B873FA3623876E8600248DE6 /* Project object */;
}
